
Microsoft Visual Studio Solution File, Format Version 12.00
# Visual Studio Version 16
VisualStudioVersion = 16.0.30330.147
MinimumVisualStudioVersion = 10.0.40219.1
Project("{FAE04EC0-301F-11D3-BF4B-00C04F79EFBC}") = "application covid19", "application covid19\application covid19.csproj", "{5F596034-F0A6-45DE-B6AF-2F46A35C68EE}"
EndProject
Global
	GlobalSection(SolutionConfigurationPlatforms) = preSolution
		Debug|Any CPU = Debug|Any CPU
		Release|Any CPU = Release|Any CPU
	EndGlobalSection
	GlobalSection(ProjectConfigurationPlatforms) = postSolution
		{5F596034-F0A6-45DE-B6AF-2F46A35C68EE}.Debug|Any CPU.ActiveCfg = Debug|Any CPU
		{5F596034-F0A6-45DE-B6AF-2F46A35C68EE}.Debug|Any CPU.Build.0 = Debug|Any CPU
		{5F596034-F0A6-45DE-B6AF-2F46A35C68EE}.Release|Any CPU.ActiveCfg = Release|Any CPU
		{5F596034-F0A6-45DE-B6AF-2F46A35C68EE}.Release|Any CPU.Build.0 = Release|Any CPU
	EndGlobalSection
	GlobalSection(SolutionProperties) = preSolution
		HideSolutionNode = FALSE
	EndGlobalSection
	GlobalSection(ExtensibilityGlobals) = postSolution
		SolutionGuid = {0FA63C89-7FA5-4725-A126-D11E7FDE668A}
	EndGlobalSection
EndGlobal
